
Microsoft Visual Studio Solution File, Format Version 12.00
# Visual Studio Version 17
VisualStudioVersion = 17.14.36804.6
MinimumVisualStudioVersion = 10.0.40219.1
Project("{FAE04EC0-301F-11D3-BF4B-00C04F79EFBC}") = "servicehub", "servicehub\servicehub.csproj", "{2672B590-8C36-45BD-B6DC-5E2B56C88AC3}"
EndProject
Global
	GlobalSection(SolutionConfigurationPlatforms) = preSolution
		Debug|Any CPU = Debug|Any CPU
		Release|Any CPU = Release|Any CPU
	EndGlobalSection
	GlobalSection(ProjectConfigurationPlatforms) = postSolution
		{2672B590-8C36-45BD-B6DC-5E2B56C88AC3}.Debug|Any CPU.ActiveCfg = Debug|Any CPU
		{2672B590-8C36-45BD-B6DC-5E2B56C88AC3}.Debug|Any CPU.Build.0 = Debug|Any CPU
		{2672B590-8C36-45BD-B6DC-5E2B56C88AC3}.Release|Any CPU.ActiveCfg = Release|Any CPU
		{2672B590-8C36-45BD-B6DC-5E2B56C88AC3}.Release|Any CPU.Build.0 = Release|Any CPU
	EndGlobalSection
	GlobalSection(SolutionProperties) = preSolution
		HideSolutionNode = FALSE
	EndGlobalSection
	GlobalSection(ExtensibilityGlobals) = postSolution
		SolutionGuid = {D5B2895F-F30E-4CD2-A744-34FF4B3BF5DB}
	EndGlobalSection
EndGlobal
